Microsoft Visual Studio Solution File, Format Version 12.00
# Visual Studio Version 16
VisualStudioVersion = 16.0.29827.131
MinimumVisualStudioVersion = 10.0.40219.1
Project("{FAE04EC0-301F-11D3-BF4B-00C04F79EFBC}") = "Lesson01.1", "CSharpBase\Lesson01.1.csproj", "{7315B50F-92A9-43D2-9D4B-6237118E5AA3}"
EndProject
Project("{FAE04EC0-301F-11D3-BF4B-00C04F79EFBC}") = "Lesson01.2", "Lesson01.2\Lesson01.2.csproj", "{29B83BD6-4C48-42BE-BA9E-B3C94741DA5E}"
EndProject
Project("{FAE04EC0-301F-11D3-BF4B-00C04F79EFBC}") = "Lesson01.3", "Lesson01.3\Lesson01.3.csproj", "{868C47C2-6E07-4467-B4A4-CEB6456FD70E}"
EndProject
Project("{FAE04EC0-301F-11D3-BF4B-00C04F79EFBC}") = "Lesson01.4", "Lesson01.4\Lesson01.4.csproj", "{40FA2136-4FEA-48FF-B0BF-367064A32E3D}"
EndProject
Project("{FAE04EC0-301F-11D3-BF4B-00C04F79EFBC}") = "Lesson02.3", "Lesson02.03\Lesson02.3.csproj", "{528F11F1-14F1-4445-AE8D-6085A66A5FFD}"
EndProject
Project("{FAE04EC0-301F-11D3-BF4B-00C04F79EFBC}") = "Lesson02.4", "Lesson02.04\Lesson02.4.csproj", "{63AA1698-5EAC-4750-80D2-45A145E6396A}"
EndProject
Project("{FAE04EC0-301F-11D3-BF4B-00C04F79EFBC}") = "Lesson03.1", "Lesson03.1\Lesson03.1.csproj", "{BEA12D24-2C36-425E-AACE-361269688B98}"
EndProject
Project("{FAE04EC0-301F-11D3-BF4B-00C04F79EFBC}") = "Lesson03.2", "Lesson03.2\Lesson03.2.csproj", "{6CB5CCD0-F874-4981-9B31-1E8F76655B3D}"
EndProject
Project("{9A19103F-16F7-4668-BE54-9A1E7A4F7556}") = "Lesson03.3", "Lesson03.3\Lesson03.3.csproj", "{77D02F87-36A7-48E8-A350-1329DD2FCA07}"
EndProject
Project("{9A19103F-16F7-4668-BE54-9A1E7A4F7556}") = "Lesson03.4", "Lesson03.4\Lesson03.4.csproj", "{143FF382-FCE2-45F0-A6C3-DDB85BF5E7C7}"
EndProject
Project("{FAE04EC0-301F-11D3-BF4B-00C04F79EFBC}") = "Lesson04.2", "Lesson04.2\Lesson04.2.csproj", "{A8F38761-4F2C-46A4-9685-1C62E9F5C850}"
EndProject
Project("{FAE04EC0-301F-11D3-BF4B-00C04F79EFBC}") = "Lesson04.1", "Lesson04.1\Lesson04.1.csproj", "{00949D0E-9726-4D30-B59D-542D06AD3F46}"
EndProject
Project("{FAE04EC0-301F-11D3-BF4B-00C04F79EFBC}") = "Lesson04.3", "Lesson04.3\Lesson04.3.csproj", "{BB2D72E7-D66C-457D-96E1-C4BBABEE2A6A}"
EndProject
Project("{FAE04EC0-301F-11D3-BF4B-00C04F79EFBC}") = "Lesson05.1", "Lesson05.1\Lesson05.1.csproj", "{E7D6FB7D-8403-4EAC-B063-8E82121D65C7}"
EndProject
Project("{FAE04EC0-301F-11D3-BF4B-00C04F79EFBC}") = "Lesson05.2", "Lesson05.2\Lesson05.2.csproj", "{140CE953-3ED1-4FD9-A5B9-B18CBA09D0A7}"
EndProject
Project("{FAE04EC0-301F-11D3-BF4B-00C04F79EFBC}") = "Lesson05.3", "Lesson05.3\Lesson05.3.csproj", "{C939079E-D24B-4338-91C6-B49C8507A1FD}"
EndProject
Project("{FAE04EC0-301F-11D3-BF4B-00C04F79EFBC}") = "Lesson05.4", "Lesson05.4\Lesson05.4.csproj", "{1412366D-720A-44A6-BC42-0B0ABE1393F8}"
EndProject
Project("{FAE04EC0-301F-11D3-BF4B-00C04F79EFBC}") = "Lesson06.4", "Lesson06.4\Lesson06.4.csproj", "{D86ABC90-E7AD-4F69-9261-ED64A54E233C}"
EndProject
Project("{FAE04EC0-301F-11D3-BF4B-00C04F79EFBC}") = "Lesson07.2", "Lesson07.2\Lesson07.2.csproj", "{C23B291B-BD12-4E3D-8454-812DD228E31F}"
EndProject
Project("{FAE04EC0-301F-11D3-BF4B-00C04F79EFBC}") = "Facultative", "Facultative\Facultative.csproj", "{6DEAC6AB-3B94-48E7-B978-CB1E81F0F0A8}"
EndProject
Global
	GlobalSection(SolutionConfigurationPlatforms) = preSolution
		Debug|Any CPU = Debug|Any CPU
		Release|Any CPU = Release|Any CPU
	EndGlobalSection
	GlobalSection(ProjectConfigurationPlatforms) = postSolution
		{7315B50F-92A9-43D2-9D4B-6237118E5AA3}.Debug|Any CPU.ActiveCfg = Debug|Any CPU
		{7315B50F-92A9-43D2-9D4B-6237118E5AA3}.Debug|Any CPU.Build.0 = Debug|Any CPU
		{7315B50F-92A9-43D2-9D4B-6237118E5AA3}.Release|Any CPU.ActiveCfg = Release|Any CPU
		{7315B50F-92A9-43D2-9D4B-6237118E5AA3}.Release|Any CPU.Build.0 = Release|Any CPU
		{29B83BD6-4C48-42BE-BA9E-B3C94741DA5E}.Debug|Any CPU.ActiveCfg = Debug|Any CPU
		{29B83BD6-4C48-42BE-BA9E-B3C94741DA5E}.Debug|Any CPU.Build.0 = Debug|Any CPU
		{29B83BD6-4C48-42BE-BA9E-B3C94741DA5E}.Release|Any CPU.ActiveCfg = Release|Any CPU
		{29B83BD6-4C48-42BE-BA9E-B3C94741DA5E}.Release|Any CPU.Build.0 = Release|Any CPU
		{868C47C2-6E07-4467-B4A4-CEB6456FD70E}.Debug|Any CPU.ActiveCfg = Debug|Any CPU
		{868C47C2-6E07-4467-B4A4-CEB6456FD70E}.Debug|Any CPU.Build.0 = Debug|Any CPU
		{868C47C2-6E07-4467-B4A4-CEB6456FD70E}.Release|Any CPU.ActiveCfg = Release|Any CPU
		{868C47C2-6E07-4467-B4A4-CEB6456FD70E}.Release|Any CPU.Build.0 = Release|Any CPU
		{40FA2136-4FEA-48FF-B0BF-367064A32E3D}.Debug|Any CPU.ActiveCfg = Debug|Any CPU
		{40FA2136-4FEA-48FF-B0BF-367064A32E3D}.Debug|Any CPU.Build.0 = Debug|Any CPU
		{40FA2136-4FEA-48FF-B0BF-367064A32E3D}.Release|Any CPU.ActiveCfg = Release|Any CPU
		{40FA2136-4FEA-48FF-B0BF-367064A32E3D}.Release|Any CPU.Build.0 = Release|Any CPU
		{528F11F1-14F1-4445-AE8D-6085A66A5FFD}.Debug|Any CPU.ActiveCfg = Debug|Any CPU
		{528F11F1-14F1-4445-AE8D-6085A66A5FFD}.Debug|Any CPU.Build.0 = Debug|Any CPU
		{528F11F1-14F1-4445-AE8D-6085A66A5FFD}.Release|Any CPU.ActiveCfg = Release|Any CPU
		{528F11F1-14F1-4445-AE8D-6085A66A5FFD}.Release|Any CPU.Build.0 = Release|Any CPU
		{63AA1698-5EAC-4750-80D2-45A145E6396A}.Debug|Any CPU.ActiveCfg = Debug|Any CPU
		{63AA1698-5EAC-4750-80D2-45A145E6396A}.Debug|Any CPU.Build.0 = Debug|Any CPU
		{63AA1698-5EAC-4750-80D2-45A145E6396A}.Release|Any CPU.ActiveCfg = Release|Any CPU
		{63AA1698-5EAC-4750-80D2-45A145E6396A}.Release|Any CPU.Build.0 = Release|Any CPU
		{BEA12D24-2C36-425E-AACE-361269688B98}.Debug|Any CPU.ActiveCfg = Debug|Any CPU
		{BEA12D24-2C36-425E-AACE-361269688B98}.Debug|Any CPU.Build.0 = Debug|Any CPU
		{BEA12D24-2C36-425E-AACE-361269688B98}.Release|Any CPU.ActiveCfg = Release|Any CPU
		{BEA12D24-2C36-425E-AACE-361269688B98}.Release|Any CPU.Build.0 = Release|Any CPU
		{6CB5CCD0-F874-4981-9B31-1E8F76655B3D}.Debug|Any CPU.ActiveCfg = Debug|Any CPU
		{6CB5CCD0-F874-4981-9B31-1E8F76655B3D}.Debug|Any CPU.Build.0 = Debug|Any CPU
		{6CB5CCD0-F874-4981-9B31-1E8F76655B3D}.Release|Any CPU.ActiveCfg = Release|Any CPU
		{6CB5CCD0-F874-4981-9B31-1E8F76655B3D}.Release|Any CPU.Build.0 = Release|Any CPU
		{77D02F87-36A7-48E8-A350-1329DD2FCA07}.Debug|Any CPU.ActiveCfg = Debug|Any CPU
		{77D02F87-36A7-48E8-A350-1329DD2FCA07}.Debug|Any CPU.Build.0 = Debug|Any CPU
		{77D02F87-36A7-48E8-A350-1329DD2FCA07}.Release|Any CPU.ActiveCfg = Release|Any CPU
		{77D02F87-36A7-48E8-A350-1329DD2FCA07}.Release|Any CPU.Build.0 = Release|Any CPU
		{143FF382-FCE2-45F0-A6C3-DDB85BF5E7C7}.Debug|Any CPU.ActiveCfg = Debug|Any CPU
		{143FF382-FCE2-45F0-A6C3-DDB85BF5E7C7}.Debug|Any CPU.Build.0 = Debug|Any CPU
		{143FF382-FCE2-45F0-A6C3-DDB85BF5E7C7}.Release|Any CPU.ActiveCfg = Release|Any CPU
		{143FF382-FCE2-45F0-A6C3-DDB85BF5E7C7}.Release|Any CPU.Build.0 = Release|Any CPU
		{A8F38761-4F2C-46A4-9685-1C62E9F5C850}.Debug|Any CPU.ActiveCfg = Debug|Any CPU
		{A8F38761-4F2C-46A4-9685-1C62E9F5C850}.Debug|Any CPU.Build.0 = Debug|Any CPU
		{A8F38761-4F2C-46A4-9685-1C62E9F5C850}.Release|Any CPU.ActiveCfg = Release|Any CPU
		{A8F38761-4F2C-46A4-9685-1C62E9F5C850}.Release|Any CPU.Build.0 = Release|Any CPU
		{00949D0E-9726-4D30-B59D-542D06AD3F46}.Debug|Any CPU.ActiveCfg = Debug|Any CPU
		{00949D0E-9726-4D30-B59D-542D06AD3F46}.Debug|Any CPU.Build.0 = Debug|Any CPU
		{00949D0E-9726-4D30-B59D-542D06AD3F46}.Release|Any CPU.ActiveCfg = Release|Any CPU
		{00949D0E-9726-4D30-B59D-542D06AD3F46}.Release|Any CPU.Build.0 = Release|Any CPU
		{BB2D72E7-D66C-457D-96E1-C4BBABEE2A6A}.Debug|Any CPU.ActiveCfg = Debug|Any CPU
		{BB2D72E7-D66C-457D-96E1-C4BBABEE2A6A}.Debug|Any CPU.Build.0 = Debug|Any CPU
		{BB2D72E7-D66C-457D-96E1-C4BBABEE2A6A}.Release|Any CPU.ActiveCfg = Release|Any CPU
		{BB2D72E7-D66C-457D-96E1-C4BBABEE2A6A}.Release|Any CPU.Build.0 = Release|Any CPU
		{E7D6FB7D-8403-4EAC-B063-8E82121D65C7}.Debug|Any CPU.ActiveCfg = Debug|Any CPU
		{E7D6FB7D-8403-4EAC-B063-8E82121D65C7}.Debug|Any CPU.Build.0 = Debug|Any CPU
		{E7D6FB7D-8403-4EAC-B063-8E82121D65C7}.Release|Any CPU.ActiveCfg = Release|Any CPU
		{E7D6FB7D-8403-4EAC-B063-8E82121D65C7}.Release|Any CPU.Build.0 = Release|Any CPU
		{140CE953-3ED1-4FD9-A5B9-B18CBA09D0A7}.Debug|Any CPU.ActiveCfg = Debug|Any CPU
		{140CE953-3ED1-4FD9-A5B9-B18CBA09D0A7}.Debug|Any CPU.Build.0 = Debug|Any CPU
		{140CE953-3ED1-4FD9-A5B9-B18CBA09D0A7}.Release|Any CPU.ActiveCfg = Release|Any CPU
		{140CE953-3ED1-4FD9-A5B9-B18CBA09D0A7}.Release|Any CPU.Build.0 = Release|Any CPU
		{C939079E-D24B-4338-91C6-B49C8507A1FD}.Debug|Any CPU.ActiveCfg = Debug|Any CPU
		{C939079E-D24B-4338-91C6-B49C8507A1FD}.Debug|Any CPU.Build.0 = Debug|Any CPU
		{C939079E-D24B-4338-91C6-B49C8507A1FD}.Release|Any CPU.ActiveCfg = Release|Any CPU
		{C939079E-D24B-4338-91C6-B49C8507A1FD}.Release|Any CPU.Build.0 = Release|Any CPU
		{1412366D-720A-44A6-BC42-0B0ABE1393F8}.Debug|Any CPU.ActiveCfg = Debug|Any CPU
		{1412366D-720A-44A6-BC42-0B0ABE1393F8}.Debug|Any CPU.Build.0 = Debug|Any CPU
		{1412366D-720A-44A6-BC42-0B0ABE1393F8}.Release|Any CPU.ActiveCfg = Release|Any CPU
		{1412366D-720A-44A6-BC42-0B0ABE1393F8}.Release|Any CPU.Build.0 = Release|Any CPU
		{D86ABC90-E7AD-4F69-9261-ED64A54E233C}.Debug|Any CPU.ActiveCfg = Debug|Any CPU
		{D86ABC90-E7AD-4F69-9261-ED64A54E233C}.Debug|Any CPU.Build.0 = Debug|Any CPU
		{D86ABC90-E7AD-4F69-9261-ED64A54E233C}.Release|Any CPU.ActiveCfg = Release|Any CPU
		{D86ABC90-E7AD-4F69-9261-ED64A54E233C}.Release|Any CPU.Build.0 = Release|Any CPU
		{C23B291B-BD12-4E3D-8454-812DD228E31F}.Debug|Any CPU.ActiveCfg = Debug|Any CPU
		{C23B291B-BD12-4E3D-8454-812DD228E31F}.Debug|Any CPU.Build.0 = Debug|Any CPU
		{C23B291B-BD12-4E3D-8454-812DD228E31F}.Release|Any CPU.ActiveCfg = Release|Any CPU
		{C23B291B-BD12-4E3D-8454-812DD228E31F}.Release|Any CPU.Build.0 = Release|Any CPU
		{6DEAC6AB-3B94-48E7-B978-CB1E81F0F0A8}.Debug|Any CPU.ActiveCfg = Debug|Any CPU
		{6DEAC6AB-3B94-48E7-B978-CB1E81F0F0A8}.Debug|Any CPU.Build.0 = Debug|Any CPU
		{6DEAC6AB-3B94-48E7-B978-CB1E81F0F0A8}.Release|Any CPU.ActiveCfg = Release|Any CPU
		{6DEAC6AB-3B94-48E7-B978-CB1E81F0F0A8}.Release|Any CPU.Build.0 = Release|Any CPU
	EndGlobalSection
	GlobalSection(SolutionProperties) = preSolution
		HideSolutionNode = FALSE
	EndGlobalSection
	GlobalSection(ExtensibilityGlobals) = postSolution
		SolutionGuid = {67249FA9-93EE-48BD-913E-D932A84A3632}
	EndGlobalSection
EndGlobal
